
Microsoft Visual Studio Solution File, Format Version 12.00
# Visual Studio Version 17
VisualStudioVersion = 17.2.32505.173
MinimumVisualStudioVersion = 10.0.40219.1
Project("{8BC9CEB8-8B4A-11D0-8D11-00A0C91BC942}") = "EigenDecomposition", "EigenDecomposition.vcxproj", "{2470B371-0AA6-49A5-9F02-A348F1953266}"
EndProject
Global
	GlobalSection(SolutionConfigurationPlatforms) = preSolution
		Debug|x64 = Debug|x64
		Debug|x86 = Debug|x86
		Release|x64 = Release|x64
		Release|x86 = Release|x86
	EndGlobalSection
	GlobalSection(ProjectConfigurationPlatforms) = postSolution
		{2470B371-0AA6-49A5-9F02-A348F1953266}.Debug|x64.ActiveCfg = Debug|x64
		{2470B371-0AA6-49A5-9F02-A348F1953266}.Debug|x64.Build.0 = Debug|x64
		{2470B371-0AA6-49A5-9F02-A348F1953266}.Debug|x86.ActiveCfg = Debug|Win32
		{2470B371-0AA6-49A5-9F02-A348F1953266}.Debug|x86.Build.0 = Debug|Win32
		{2470B371-0AA6-49A5-9F02-A348F1953266}.Release|x64.ActiveCfg = Release|x64
		{2470B371-0AA6-49A5-9F02-A348F1953266}.Release|x64.Build.0 = Release|x64
		{2470B371-0AA6-49A5-9F02-A348F1953266}.Release|x86.ActiveCfg = Release|Win32
		{2470B371-0AA6-49A5-9F02-A348F1953266}.Release|x86.Build.0 = Release|Win32
	EndGlobalSection
	GlobalSection(SolutionProperties) = preSolution
		HideSolutionNode = FALSE
	EndGlobalSection
	GlobalSection(ExtensibilityGlobals) = postSolution
		SolutionGuid = {3DFEC484-41ED-496F-BE46-4DF345F235F3}
	EndGlobalSection
EndGlobal
